<?xml version="1.0" encoding="utf-8"?>
<Project ToolsVersion="4.0" xmlns="http://schemas.microsoft.com/developer/msbuild/2003">
  <ItemGroup>
    <Filter Include="Source Files">
      <UniqueIdentifier>{0084dac1-b623-40cd-8650-42de7bccbc37}</UniqueIdentifier>
      <Extensions>cpp;c;cxx;rc;def;r;odl;idl;hpj;bat</Extensions>
    </Filter>
    <Filter Include="Header Files">
      <UniqueIdentifier>{21fb8350-1721-448e-8456-c7b1dbade5b7}</UniqueIdentifier>
      <Extensions>h;hpp;hxx;hm;inl</Extensions>
    </Filter>
    <Filter Include="Resource Files">
      <UniqueIdentifier>{79ef69cd-274f-4977-983a-863811359c2c}</UniqueIdentifier>
      <Extensions>ico;cur;bmp;dlg;rc2;rct;bin;rgs;gif;jpg;jpeg;jpe</Extensions>
    </Filter>
  </ItemGroup>
  <ItemGroup>
    <ClCompile Include="..\Src\DIHelp.cpp">
      <Filter>Source Files</Filter>
    </ClCompile>
    <ClCompile Include="kernelcad.cpp">
      <Filter>Source Files</Filter>
    </ClCompile>
    <ClCompile Include="Layers.cpp">
      <Filter>Source Files</Filter>
    </ClCompile>
    <ClCompile Include="LayersDlg.cpp">
      <Filter>Source Files</Filter>
    </ClCompile>
    <ClCompile Include="StdAfx.cpp">
      <Filter>Source Files</Filter>
    </ClCompile>
  </ItemGroup>
  <ItemGroup>
    <ResourceCompile Include="Layers.rc">
      <Filter>Source Files</Filter>
    </ResourceCompile>
  </ItemGroup>
  <ItemGroup>
    <ClInclude Include="kernelcad.h">
      <Filter>Header Files</Filter>
    </ClInclude>
    <ClInclude Include="Layers.h">
      <Filter>Header Files</Filter>
    </ClInclude>
    <ClInclude Include="LayersDlg.h">
      <Filter>Header Files</Filter>
    </ClInclude>
    <ClInclude Include="Resource.h">
      <Filter>Header Files</Filter>
    </ClInclude>
    <ClInclude Include="StdAfx.h">
      <Filter>Header Files</Filter>
    </ClInclude>
  </ItemGroup>
  <ItemGroup>
    <Image Include="res\Layers.ico">
      <Filter>Resource Files</Filter>
    </Image>
  </ItemGroup>
  <ItemGroup>
    <None Include="res\Layers.rc2">
      <Filter>Resource Files</Filter>
    </None>
  </ItemGroup>
</Project>